Microsoft Visual Studio Solution File, Format Version 11.00
# Visual Studio 2008

Project("{F7117AC9-565D-21A3-0082-E3430577497D}") = "Unity Projacts", "Assembly-CSharp-firstpass.csproj", "{5BC20B38-6E97-9156-31C9-78DECCDE32C8}"
EndProject
Project("{F7117AC9-565D-21A3-0082-E3430577497D}") = "Unity Projacts", "Assembly-CSharp.csproj", "{D05F7E94-3FA5-10CF-535B-393133FD979E}"
EndProject
Project("{F7117AC9-565D-21A3-0082-E3430577497D}") = "Unity Projacts", "Assembly-CSharp-Editor.csproj", "{D098CF7C-34C2-1514-0A5A-BCF49BCDA702}"
EndProject
Project("{F7117AC9-565D-21A3-0082-E3430577497D}") = "Unity Projacts", "Assembly-UnityScript-firstpass.unityproj", "{18B75A66-E343-EF35-FC21-163D7FC466C1}"
EndProject
Global
	GlobalSection(SolutionConfigurationPlatforms) = preSolution
		Debug|Any CPU = Debug|Any CPU
		Release|Any CPU = Release|Any CPU
	EndGlobalSection
	GlobalSection(ProjectConfigurationPlatforms) = postSolution
		{5BC20B38-6E97-9156-31C9-78DECCDE32C8}.Debug|Any CPU.ActiveCfg = Debug|Any CPU
		{5BC20B38-6E97-9156-31C9-78DECCDE32C8}.Debug|Any CPU.Build.0 = Debug|Any CPU
		{5BC20B38-6E97-9156-31C9-78DECCDE32C8}.Release|Any CPU.ActiveCfg = Release|Any CPU
		{5BC20B38-6E97-9156-31C9-78DECCDE32C8}.Release|Any CPU.Build.0 = Release|Any CPU
		{D05F7E94-3FA5-10CF-535B-393133FD979E}.Debug|Any CPU.ActiveCfg = Debug|Any CPU
		{D05F7E94-3FA5-10CF-535B-393133FD979E}.Debug|Any CPU.Build.0 = Debug|Any CPU
		{D05F7E94-3FA5-10CF-535B-393133FD979E}.Release|Any CPU.ActiveCfg = Release|Any CPU
		{D05F7E94-3FA5-10CF-535B-393133FD979E}.Release|Any CPU.Build.0 = Release|Any CPU
		{D098CF7C-34C2-1514-0A5A-BCF49BCDA702}.Debug|Any CPU.ActiveCfg = Debug|Any CPU
		{D098CF7C-34C2-1514-0A5A-BCF49BCDA702}.Debug|Any CPU.Build.0 = Debug|Any CPU
		{D098CF7C-34C2-1514-0A5A-BCF49BCDA702}.Release|Any CPU.ActiveCfg = Release|Any CPU
		{D098CF7C-34C2-1514-0A5A-BCF49BCDA702}.Release|Any CPU.Build.0 = Release|Any CPU
		{18B75A66-E343-EF35-FC21-163D7FC466C1}.Debug|Any CPU.ActiveCfg = Debug|Any CPU
		{18B75A66-E343-EF35-FC21-163D7FC466C1}.Debug|Any CPU.Build.0 = Debug|Any CPU
		{18B75A66-E343-EF35-FC21-163D7FC466C1}.Release|Any CPU.ActiveCfg = Release|Any CPU
		{18B75A66-E343-EF35-FC21-163D7FC466C1}.Release|Any CPU.Build.0 = Release|Any CPU
	EndGlobalSection
	GlobalSection(SolutionProperties) = preSolution
		HideSolutionNode = FALSE
	EndGlobalSection
																																																GlobalSection(MonoDevelopProperties) = preSolution
		StartupItem = Assembly-CSharp.csproj
		Policies = $0
		$0.TextStylePolicy = $1
		$1.inheritsSet = null
		$1.scope = text/x-csharp
		$0.CSharpFormattingPolicy = $2
		$2.inheritsSet = Mono
		$2.inheritsScope = text/x-csharp
		$2.scope = text/x-csharp
		$0.TextStylePolicy = $3
		$3.FileWidth = 120
		$3.TabWidth = 4
		$3.EolMarker = Unix
		$3.inheritsSet = Mono
		$3.inheritsScope = text/plain
		$3.scope = text/plain
	EndGlobalSection

EndGlobal
